
Microsoft Visual Studio Solution File, Format Version 12.00
# Visual Studio Version 17
VisualStudioVersion = 17.5.002.0
MinimumVisualStudioVersion = 10.0.40219.1
Project("{9A19103F-16F7-4668-BE54-9A1E7A4F7556}") = "API-CSharp", "API-CSharp.csproj", "{03D12C3C-1AF4-46F9-97D1-2A3F4C33715C}"
EndProject
Global
	GlobalSection(SolutionConfigurationPlatforms) = preSolution
		Debug|Any CPU = Debug|Any CPU
		Release|Any CPU = Release|Any CPU
	EndGlobalSection
	GlobalSection(ProjectConfigurationPlatforms) = postSolution
		{03D12C3C-1AF4-46F9-97D1-2A3F4C33715C}.Debug|Any CPU.ActiveCfg = Debug|Any CPU
		{03D12C3C-1AF4-46F9-97D1-2A3F4C33715C}.Debug|Any CPU.Build.0 = Debug|Any CPU
		{03D12C3C-1AF4-46F9-97D1-2A3F4C33715C}.Release|Any CPU.ActiveCfg = Release|Any CPU
		{03D12C3C-1AF4-46F9-97D1-2A3F4C33715C}.Release|Any CPU.Build.0 = Release|Any CPU
	EndGlobalSection
	GlobalSection(SolutionProperties) = preSolution
		HideSolutionNode = FALSE
	EndGlobalSection
	GlobalSection(ExtensibilityGlobals) = postSolution
		SolutionGuid = {97E523DC-12A8-41F3-9F77-1E901D3CF1D4}
	EndGlobalSection
EndGlobal
